
Microsoft Visual Studio Solution File, Format Version 12.00
# Visual Studio 15
VisualStudioVersion = 15.0.28010.2048
MinimumVisualStudioVersion = 10.0.40219.1
Project("{FAE04EC0-301F-11D3-BF4B-00C04F79EFBC}") = "Task1", "Task1\Task1.csproj", "{0087A24A-85E2-4BF6-B5A9-DEF214A4A626}"
EndProject
Project("{FAE04EC0-301F-11D3-BF4B-00C04F79EFBC}") = "Task2", "Task2\Task2.csproj", "{28903C7F-2BDD-4B87-B476-6FF6EFA9D28C}"
EndProject
Project("{FAE04EC0-301F-11D3-BF4B-00C04F79EFBC}") = "Task3", "Task3\Task3.csproj", "{2803426A-3DA3-4448-AF55-D14807A366BC}"
EndProject
Project("{FAE04EC0-301F-11D3-BF4B-00C04F79EFBC}") = "Task4", "Task4\Task4.csproj", "{808FA26A-2B78-47AE-9908-5E7B02A12D8E}"
EndProject
Project("{FAE04EC0-301F-11D3-BF4B-00C04F79EFBC}") = "Task5", "Task5\Task5.csproj", "{3A98198A-FB94-4BEE-9B4C-C4E384B4A540}"
EndProject
Project("{FAE04EC0-301F-11D3-BF4B-00C04F79EFBC}") = "Task6", "Task6\Task6.csproj", "{0B81B0CF-D601-4D82-A12E-0B5E2810EABF}"
EndProject
Project("{FAE04EC0-301F-11D3-BF4B-00C04F79EFBC}") = "Task7", "Task7\Task7.csproj", "{F001A117-AB3F-48ED-B391-12227A807EFD}"
EndProject
Project("{FAE04EC0-301F-11D3-BF4B-00C04F79EFBC}") = "Task8", "Task8\Task8.csproj", "{5CF4E886-C391-4697-8D5E-82426E6B4CD4}"
EndProject
Project("{FAE04EC0-301F-11D3-BF4B-00C04F79EFBC}") = "Task9", "Task9\Task9.csproj", "{F50CAFD5-8756-4546-84EE-31B649B662E8}"
EndProject
Project("{FAE04EC0-301F-11D3-BF4B-00C04F79EFBC}") = "Task10", "Task10\Task10.csproj", "{A8C4929F-FCC1-4037-96E7-AB0F15E3CB8B}"
EndProject
Project("{FAE04EC0-301F-11D3-BF4B-00C04F79EFBC}") = "Task11", "Task11\Task11.csproj", "{76C95A5F-C77A-46B2-833C-6763683A081D}"
EndProject
Project("{FAE04EC0-301F-11D3-BF4B-00C04F79EFBC}") = "Task12", "Task12\Task12.csproj", "{FAB89810-1FAF-4780-BAAC-21DDA286BD2D}"
EndProject
Project("{FAE04EC0-301F-11D3-BF4B-00C04F79EFBC}") = "Task15", "Task15\Task15.csproj", "{845B7C20-9113-4D1B-9FDF-7FE7AC3E913B}"
EndProject
Project("{FAE04EC0-301F-11D3-BF4B-00C04F79EFBC}") = "Task16", "Task16\Task16.csproj", "{7F4A2DF9-94EF-41A0-AE65-9ADEC13D1272}"
EndProject
Project("{FAE04EC0-301F-11D3-BF4B-00C04F79EFBC}") = "Task20", "Task20\Task20.csproj", "{2D5018E4-B160-4EAD-A3A4-40D52CDAA2E9}"
EndProject
Project("{FAE04EC0-301F-11D3-BF4B-00C04F79EFBC}") = "Task19", "Task19\Task19.csproj", "{FA483C61-1A45-4995-905A-51D80AC53F1F}"
EndProject
Project("{FAE04EC0-301F-11D3-BF4B-00C04F79EFBC}") = "Task23", "Task23\Task23.csproj", "{8A6357D4-BF20-412A-B852-DC595C0060C5}"
EndProject
Global
	GlobalSection(SolutionConfigurationPlatforms) = preSolution
		Debug|Any CPU = Debug|Any CPU
		Release|Any CPU = Release|Any CPU
	EndGlobalSection
	GlobalSection(ProjectConfigurationPlatforms) = postSolution
		{0087A24A-85E2-4BF6-B5A9-DEF214A4A626}.Debug|Any CPU.ActiveCfg = Debug|Any CPU
		{0087A24A-85E2-4BF6-B5A9-DEF214A4A626}.Debug|Any CPU.Build.0 = Debug|Any CPU
		{0087A24A-85E2-4BF6-B5A9-DEF214A4A626}.Release|Any CPU.ActiveCfg = Release|Any CPU
		{0087A24A-85E2-4BF6-B5A9-DEF214A4A626}.Release|Any CPU.Build.0 = Release|Any CPU
		{28903C7F-2BDD-4B87-B476-6FF6EFA9D28C}.Debug|Any CPU.ActiveCfg = Debug|Any CPU
		{28903C7F-2BDD-4B87-B476-6FF6EFA9D28C}.Debug|Any CPU.Build.0 = Debug|Any CPU
		{28903C7F-2BDD-4B87-B476-6FF6EFA9D28C}.Release|Any CPU.ActiveCfg = Release|Any CPU
		{28903C7F-2BDD-4B87-B476-6FF6EFA9D28C}.Release|Any CPU.Build.0 = Release|Any CPU
		{2803426A-3DA3-4448-AF55-D14807A366BC}.Debug|Any CPU.ActiveCfg = Debug|Any CPU
		{2803426A-3DA3-4448-AF55-D14807A366BC}.Debug|Any CPU.Build.0 = Debug|Any CPU
		{2803426A-3DA3-4448-AF55-D14807A366BC}.Release|Any CPU.ActiveCfg = Release|Any CPU
		{2803426A-3DA3-4448-AF55-D14807A366BC}.Release|Any CPU.Build.0 = Release|Any CPU
		{808FA26A-2B78-47AE-9908-5E7B02A12D8E}.Debug|Any CPU.ActiveCfg = Debug|Any CPU
		{808FA26A-2B78-47AE-9908-5E7B02A12D8E}.Debug|Any CPU.Build.0 = Debug|Any CPU
		{808FA26A-2B78-47AE-9908-5E7B02A12D8E}.Release|Any CPU.ActiveCfg = Release|Any CPU
		{808FA26A-2B78-47AE-9908-5E7B02A12D8E}.Release|Any CPU.Build.0 = Release|Any CPU
		{3A98198A-FB94-4BEE-9B4C-C4E384B4A540}.Debug|Any CPU.ActiveCfg = Debug|Any CPU
		{3A98198A-FB94-4BEE-9B4C-C4E384B4A540}.Debug|Any CPU.Build.0 = Debug|Any CPU
		{3A98198A-FB94-4BEE-9B4C-C4E384B4A540}.Release|Any CPU.ActiveCfg = Release|Any CPU
		{3A98198A-FB94-4BEE-9B4C-C4E384B4A540}.Release|Any CPU.Build.0 = Release|Any CPU
		{0B81B0CF-D601-4D82-A12E-0B5E2810EABF}.Debug|Any CPU.ActiveCfg = Debug|Any CPU
		{0B81B0CF-D601-4D82-A12E-0B5E2810EABF}.Debug|Any CPU.Build.0 = Debug|Any CPU
		{0B81B0CF-D601-4D82-A12E-0B5E2810EABF}.Release|Any CPU.ActiveCfg = Release|Any CPU
		{0B81B0CF-D601-4D82-A12E-0B5E2810EABF}.Release|Any CPU.Build.0 = Release|Any CPU
		{F001A117-AB3F-48ED-B391-12227A807EFD}.Debug|Any CPU.ActiveCfg = Debug|Any CPU
		{F001A117-AB3F-48ED-B391-12227A807EFD}.Debug|Any CPU.Build.0 = Debug|Any CPU
		{F001A117-AB3F-48ED-B391-12227A807EFD}.Release|Any CPU.ActiveCfg = Release|Any CPU
		{F001A117-AB3F-48ED-B391-12227A807EFD}.Release|Any CPU.Build.0 = Release|Any CPU
		{5CF4E886-C391-4697-8D5E-82426E6B4CD4}.Debug|Any CPU.ActiveCfg = Debug|Any CPU
		{5CF4E886-C391-4697-8D5E-82426E6B4CD4}.Debug|Any CPU.Build.0 = Debug|Any CPU
		{5CF4E886-C391-4697-8D5E-82426E6B4CD4}.Release|Any CPU.ActiveCfg = Release|Any CPU
		{5CF4E886-C391-4697-8D5E-82426E6B4CD4}.Release|Any CPU.Build.0 = Release|Any CPU
		{F50CAFD5-8756-4546-84EE-31B649B662E8}.Debug|Any CPU.ActiveCfg = Debug|Any CPU
		{F50CAFD5-8756-4546-84EE-31B649B662E8}.Debug|Any CPU.Build.0 = Debug|Any CPU
		{F50CAFD5-8756-4546-84EE-31B649B662E8}.Release|Any CPU.ActiveCfg = Release|Any CPU
		{F50CAFD5-8756-4546-84EE-31B649B662E8}.Release|Any CPU.Build.0 = Release|Any CPU
		{A8C4929F-FCC1-4037-96E7-AB0F15E3CB8B}.Debug|Any CPU.ActiveCfg = Debug|Any CPU
		{A8C4929F-FCC1-4037-96E7-AB0F15E3CB8B}.Debug|Any CPU.Build.0 = Debug|Any CPU
		{A8C4929F-FCC1-4037-96E7-AB0F15E3CB8B}.Release|Any CPU.ActiveCfg = Release|Any CPU
		{A8C4929F-FCC1-4037-96E7-AB0F15E3CB8B}.Release|Any CPU.Build.0 = Release|Any CPU
		{76C95A5F-C77A-46B2-833C-6763683A081D}.Debug|Any CPU.ActiveCfg = Debug|Any CPU
		{76C95A5F-C77A-46B2-833C-6763683A081D}.Debug|Any CPU.Build.0 = Debug|Any CPU
		{76C95A5F-C77A-46B2-833C-6763683A081D}.Release|Any CPU.ActiveCfg = Release|Any CPU
		{76C95A5F-C77A-46B2-833C-6763683A081D}.Release|Any CPU.Build.0 = Release|Any CPU
		{FAB89810-1FAF-4780-BAAC-21DDA286BD2D}.Debug|Any CPU.ActiveCfg = Debug|Any CPU
		{FAB89810-1FAF-4780-BAAC-21DDA286BD2D}.Debug|Any CPU.Build.0 = Debug|Any CPU
		{FAB89810-1FAF-4780-BAAC-21DDA286BD2D}.Release|Any CPU.ActiveCfg = Release|Any CPU
		{FAB89810-1FAF-4780-BAAC-21DDA286BD2D}.Release|Any CPU.Build.0 = Release|Any CPU
		{845B7C20-9113-4D1B-9FDF-7FE7AC3E913B}.Debug|Any CPU.ActiveCfg = Debug|Any CPU
		{845B7C20-9113-4D1B-9FDF-7FE7AC3E913B}.Debug|Any CPU.Build.0 = Debug|Any CPU
		{845B7C20-9113-4D1B-9FDF-7FE7AC3E913B}.Release|Any CPU.ActiveCfg = Release|Any CPU
		{845B7C20-9113-4D1B-9FDF-7FE7AC3E913B}.Release|Any CPU.Build.0 = Release|Any CPU
		{7F4A2DF9-94EF-41A0-AE65-9ADEC13D1272}.Debug|Any CPU.ActiveCfg = Debug|Any CPU
		{7F4A2DF9-94EF-41A0-AE65-9ADEC13D1272}.Debug|Any CPU.Build.0 = Debug|Any CPU
		{7F4A2DF9-94EF-41A0-AE65-9ADEC13D1272}.Release|Any CPU.ActiveCfg = Release|Any CPU
		{7F4A2DF9-94EF-41A0-AE65-9ADEC13D1272}.Release|Any CPU.Build.0 = Release|Any CPU
		{2D5018E4-B160-4EAD-A3A4-40D52CDAA2E9}.Debug|Any CPU.ActiveCfg = Debug|Any CPU
		{2D5018E4-B160-4EAD-A3A4-40D52CDAA2E9}.Debug|Any CPU.Build.0 = Debug|Any CPU
		{2D5018E4-B160-4EAD-A3A4-40D52CDAA2E9}.Release|Any CPU.ActiveCfg = Release|Any CPU
		{2D5018E4-B160-4EAD-A3A4-40D52CDAA2E9}.Release|Any CPU.Build.0 = Release|Any CPU
		{FA483C61-1A45-4995-905A-51D80AC53F1F}.Debug|Any CPU.ActiveCfg = Debug|Any CPU
		{FA483C61-1A45-4995-905A-51D80AC53F1F}.Debug|Any CPU.Build.0 = Debug|Any CPU
		{FA483C61-1A45-4995-905A-51D80AC53F1F}.Release|Any CPU.ActiveCfg = Release|Any CPU
		{FA483C61-1A45-4995-905A-51D80AC53F1F}.Release|Any CPU.Build.0 = Release|Any CPU
		{8A6357D4-BF20-412A-B852-DC595C0060C5}.Debug|Any CPU.ActiveCfg = Debug|Any CPU
		{8A6357D4-BF20-412A-B852-DC595C0060C5}.Debug|Any CPU.Build.0 = Debug|Any CPU
		{8A6357D4-BF20-412A-B852-DC595C0060C5}.Release|Any CPU.ActiveCfg = Release|Any CPU
		{8A6357D4-BF20-412A-B852-DC595C0060C5}.Release|Any CPU.Build.0 = Release|Any CPU
	EndGlobalSection
	GlobalSection(SolutionProperties) = preSolution
		HideSolutionNode = FALSE
	EndGlobalSection
	GlobalSection(ExtensibilityGlobals) = postSolution
		SolutionGuid = {6DB8C16C-666A-4332-AD2B-5599D68D95A2}
	EndGlobalSection
EndGlobal
